schema: '2.0'
stages:
  data_ingestion:
    cmd: python src/data/data_ingestion.py
    deps:
    - path: src/data/data_ingestion.py
      hash: md5
      md5: 6584ed1eff53054971c8bf4bdb41c45b
      size: 2440
    params:
      params.yaml:
        data_ingestion.test_size: 0.3
    outs:
    - path: data/raw
      hash: md5
      md5: 3c6e386f6df003fa53ef8fe3807815e5.dir
      size: 887224
      nfiles: 2
  data_preprocessing:
    cmd: python src/data/data_preprocessing.py
    deps:
    - path: data/raw
      hash: md5
      md5: 3c6e386f6df003fa53ef8fe3807815e5.dir
      size: 887224
      nfiles: 2
    - path: src/data/data_preprocessing.py
      hash: md5
      md5: a37dec6f31b1c95fe0609934daf7a17d
      size: 5045
    outs:
    - path: data/processed
      hash: md5
      md5: 670bdedbde288ef786a713273d77b6ff.dir
      size: 681409
      nfiles: 2
  feature_engineering:
    cmd: python src/features/feature_engineering.py
    deps:
    - path: data/processed
      hash: md5
      md5: 670bdedbde288ef786a713273d77b6ff.dir
      size: 681409
      nfiles: 2
    - path: src/features/feature_engineering.py
      hash: md5
      md5: e7298752d2aeed0b54ee136dfee9c212
      size: 3374
    params:
      params.yaml:
        feature_engineering.max_features: 100
    outs:
    - path: data/features
      hash: md5
      md5: e2d7cd007d36df954180045262261d33.dir
      size: 4586789
      nfiles: 2
  model_building:
    cmd: python src/model/model_building.py
    deps:
    - path: data/features
      hash: md5
      md5: e2d7cd007d36df954180045262261d33.dir
      size: 4586789
      nfiles: 2
    - path: src/model/model_building.py
      hash: md5
      md5: 589f2a99d51968f3e7471269cc21ad9b
      size: 1859
    params:
      params.yaml:
        model_building.learning_rate: 0.2
        model_building.n_estimators: 90
    outs:
    - path: models/model.pkl
      hash: md5
      md5: d53abc9514b9f9a15286469acad9a76e
      size: 121985
  model_evaluation:
    cmd: python src/model/model_evaluation.py
    deps:
    - path: data/features
      hash: md5
      md5: e2d7cd007d36df954180045262261d33.dir
      size: 4586789
      nfiles: 2
    - path: models/model.pkl
      hash: md5
      md5: d53abc9514b9f9a15286469acad9a76e
      size: 121985
    - path: src/model/model_evaluation.py
      hash: md5
      md5: 0b41c8b2a192ac56c4fd0d06c09acfae
      size: 1926
    outs:
    - path: reports/metrics.json
      hash: md5
      md5: 007e624f858c4e11248d53fa0f667aa4
      size: 145
